// !$*UTF8*$!
{
	archiveVersion = 1;
	classes = {
	};
	objectVersion = 48;
	objects = {

/* Begin PBXBuildFile section */
		EE3A8A8C226F346D00CCBAFC /* AppDelegate.swift in Sources */ = {isa = PBXBuildFile; fileRef = EE3A8A8B226F346D00CCBAFC /* AppDelegate.swift */; };
		EE3A8A8E226F346D00CCBAFC /* ViewController.swift in Sources */ = {isa = PBXBuildFile; fileRef = EE3A8A8D226F346D00CCBAFC /* ViewController.swift */; };
		EE3A8A91226F346D00CCBAFC /* Main.storyboard in Resources */ = {isa = PBXBuildFile; fileRef = EE3A8A8F226F346D00CCBAFC /* Main.storyboard */; };
		EE3A8A93226F346D00CCBAFC /* Assets.xcassets in Resources */ = {isa = PBXBuildFile; fileRef = EE3A8A92226F346D00CCBAFC /* Assets.xcassets */; };
		EE3A8A96226F346D00CCBAFC /* LaunchScreen.storyboard in Resources */ = {isa = PBXBuildFile; fileRef = EE3A8A94226F346D00CCBAFC /* LaunchScreen.storyboard */; };
		EE8DDDD322C3C19700A0E374 /* Atoms.swift in Sources */ = {isa = PBXBuildFile; fileRef = EE8DDDD222C3C19700A0E374 /* Atoms.swift */; };
		EE964297227098F5009C0AF3 /* LigandsViewController.swift in Sources */ = {isa = PBXBuildFile; fileRef = EE964296227098F5009C0AF3 /* LigandsViewController.swift */; };
		EE9642992270B724009C0AF3 /* ligands.txt in Resources */ = {isa = PBXBuildFile; fileRef = EE9642982270B724009C0AF3 /* ligands.txt */; };
		EEC44AB622774DD3001E0486 /* LigandsTableViewCell.swift in Sources */ = {isa = PBXBuildFile; fileRef = EEC44AB522774DD3001E0486 /* LigandsTableViewCell.swift */; };
		EEEFAB01227881A7005B92F4 /* SceneViewController.swift in Sources */ = {isa = PBXBuildFile; fileRef = EEEFAB00227881A7005B92F4 /* SceneViewController.swift */; };
/* End PBXBuildFile section */

/* Begin PBXFileReference section */
		EE3A8A88226F346D00CCBAFC /* Swifty_protein.app */ = {isa = PBXFileReference; explicitFileType = wrapper.application; includeInIndex = 0; path = Swifty_protein.app; sourceTree = BUILT_PRODUCTS_DIR; };
		EE3A8A8B226F346D00CCBAFC /* AppDelegate.swift */ = {isa = PBXFileReference; lastKnownFileType = sourcecode.swift; path = AppDelegate.swift; sourceTree = "<group>"; };
		EE3A8A8D226F346D00CCBAFC /* ViewController.swift */ = {isa = PBXFileReference; lastKnownFileType = sourcecode.swift; path = ViewController.swift; sourceTree = "<group>"; };
		EE3A8A90226F346D00CCBAFC /* Base */ = {isa = PBXFileReference; lastKnownFileType = file.storyboard; name = Base; path = Base.lproj/Main.storyboard; sourceTree = "<group>"; };
		EE3A8A92226F346D00CCBAFC /* Assets.xcassets */ = {isa = PBXFileReference; lastKnownFileType = folder.assetcatalog; path = Assets.xcassets; sourceTree = "<group>"; };
		EE3A8A95226F346D00CCBAFC /* Base */ = {isa = PBXFileReference; lastKnownFileType = file.storyboard; name = Base; path = Base.lproj/LaunchScreen.storyboard; sourceTree = "<group>"; };
		EE3A8A97226F346D00CCBAFC /* Info.plist */ = {isa = PBXFileReference; lastKnownFileType = text.plist.xml; path = Info.plist; sourceTree = "<group>"; };
		EE8DDDD222C3C19700A0E374 /* Atoms.swift */ = {isa = PBXFileReference; lastKnownFileType = sourcecode.swift; path = Atoms.swift; sourceTree = "<group>"; };
		EE964296227098F5009C0AF3 /* LigandsViewController.swift */ = {isa = PBXFileReference; lastKnownFileType = sourcecode.swift; path = LigandsViewController.swift; sourceTree = "<group>"; };
		EE9642982270B724009C0AF3 /* ligands.txt */ = {isa = PBXFileReference; fileEncoding = 4; lastKnownFileType = text; name = ligands.txt; path = ../../../Desktop/ligands.txt; sourceTree = "<group>"; };
		EEC44AB522774DD3001E0486 /* LigandsTableViewCell.swift */ = {isa = PBXFileReference; lastKnownFileType = sourcecode.swift; path = LigandsTableViewCell.swift; sourceTree = "<group>"; };
		EEEFAB00227881A7005B92F4 /* SceneViewController.swift */ = {isa = PBXFileReference; lastKnownFileType = sourcecode.swift; path = SceneViewController.swift; sourceTree = "<group>"; };
/* End PBXFileReference section */

/* Begin PBXFrameworksBuildPhase section */
		EE3A8A85226F346D00CCBAFC /* Frameworks */ = {
			isa = PBXFrameworksBuildPhase;
			buildActionMask = 2147483647;
			files = (
			);
			runOnlyForDeploymentPostprocessing = 0;
		};
/* End PBXFrameworksBuildPhase section */

/* Begin PBXGroup section */
		EE3A8A7F226F346C00CCBAFC = {
			isa = PBXGroup;
			children = (
				EE3A8A8A226F346D00CCBAFC /* Swifty_protein */,
				EE3A8A89226F346D00CCBAFC /* Products */,
			);
			sourceTree = "<group>";
		};
		EE3A8A89226F346D00CCBAFC /* Products */ = {
			isa = PBXGroup;
			children = (
				EE3A8A88226F346D00CCBAFC /* Swifty_protein.app */,
			);
			name = Products;
			sourceTree = "<group>";
		};
		EE3A8A8A226F346D00CCBAFC /* Swifty_protein */ = {
			isa = PBXGroup;
			children = (
				EE3A8A8B226F346D00CCBAFC /* AppDelegate.swift */,
				EE8DDDD222C3C19700A0E374 /* Atoms.swift */,
				EE3A8A8D226F346D00CCBAFC /* ViewController.swift */,
				EE964296227098F5009C0AF3 /* LigandsViewController.swift */,
				EEEFAB00227881A7005B92F4 /* SceneViewController.swift */,
				EEC44AB522774DD3001E0486 /* LigandsTableViewCell.swift */,
				EE9642982270B724009C0AF3 /* ligands.txt */,
				EE3A8A8F226F346D00CCBAFC /* Main.storyboard */,
				EE3A8A92226F346D00CCBAFC /* Assets.xcassets */,
				EE3A8A94226F346D00CCBAFC /* LaunchScreen.storyboard */,
				EE3A8A97226F346D00CCBAFC /* Info.plist */,
			);
			path = Swifty_protein;
			sourceTree = "<group>";
		};
/* End PBXGroup section */

/* Begin PBXNativeTarget section */
		EE3A8A87226F346D00CCBAFC /* Swifty_protein */ = {
			isa = PBXNativeTarget;
			buildConfigurationList = EE3A8A9A226F346D00CCBAFC /* Build configuration list for PBXNativeTarget "Swifty_protein" */;
			buildPhases = (
				EE3A8A84226F346D00CCBAFC /* Sources */,
				EE3A8A85226F346D00CCBAFC /* Frameworks */,
				EE3A8A86226F346D00CCBAFC /* Resources */,
			);
			buildRules = (
			);
			dependencies = (
			);
			name = Swifty_protein;
			productName = Swifty_protein;
			productReference = EE3A8A88226F346D00CCBAFC /* Swifty_protein.app */;
			productType = "com.apple.product-type.application";
		};
/* End PBXNativeTarget section */

/* Begin PBXProject section */
		EE3A8A80226F346C00CCBAFC /* Project object */ = {
			isa = PBXProject;
			attributes = {
				LastSwiftUpdateCheck = 0920;
				LastUpgradeCheck = 0920;
				ORGANIZATIONNAME = "Victor MARTINS";
				TargetAttributes = {
					EE3A8A87226F346D00CCBAFC = {
						CreatedOnToolsVersion = 9.2;
						ProvisioningStyle = Automatic;
					};
				};
			};
			buildConfigurationList = EE3A8A83226F346C00CCBAFC /* Build configuration list for PBXProject "Swifty_protein" */;
			compatibilityVersion = "Xcode 8.0";
			developmentRegion = en;
			hasScannedForEncodings = 0;
			knownRegions = (
				en,
				Base,
			);
			mainGroup = EE3A8A7F226F346C00CCBAFC;
			productRefGroup = EE3A8A89226F346D00CCBAFC /* Products */;
			projectDirPath = "";
			projectRoot = "";
			targets = (
				EE3A8A87226F346D00CCBAFC /* Swifty_protein */,
			);
		};
/* End PBXProject section */

/* Begin PBXResourcesBuildPhase section */
		EE3A8A86226F346D00CCBAFC /* Resources */ = {
			isa = PBXResourcesBuildPhase;
			buildActionMask = 2147483647;
			files = (
				EE3A8A96226F346D00CCBAFC /* LaunchScreen.storyboard in Resources */,
				EE3A8A93226F346D00CCBAFC /* Assets.xcassets in Resources */,
				EE3A8A91226F346D00CCBAFC /* Main.storyboard in Resources */,
				EE9642992270B724009C0AF3 /* ligands.txt in Resources */,
			);
			runOnlyForDeploymentPostprocessing = 0;
		};
/* End PBXResourcesBuildPhase section */

/* Begin PBXSourcesBuildPhase section */
		EE3A8A84226F346D00CCBAFC /* Sources */ = {
			isa = PBXSourcesBuildPhase;
			buildActionMask = 2147483647;
			files = (
				EE8DDDD322C3C19700A0E374 /* Atoms.swift in Sources */,
				EEEFAB01227881A7005B92F4 /* SceneViewController.swift in Sources */,
				EE964297227098F5009C0AF3 /* LigandsViewController.swift in Sources */,
				EE3A8A8E226F346D00CCBAFC /* ViewController.swift in Sources */,
				EEC44AB622774DD3001E0486 /* LigandsTableViewCell.swift in Sources */,
				EE3A8A8C226F346D00CCBAFC /* AppDelegate.swift in Sources */,
			);
			runOnlyForDeploymentPostprocessing = 0;
		};
/* End PBXSourcesBuildPhase section */

/* Begin PBXVariantGroup section */
		EE3A8A8F226F346D00CCBAFC /* Main.storyboard */ = {
			isa = PBXVariantGroup;
			children = (
				EE3A8A90226F346D00CCBAFC /* Base */,
			);
			name = Main.storyboard;
			sourceTree = "<group>";
		};
		EE3A8A94226F346D00CCBAFC /* LaunchScreen.storyboard */ = {
			isa = PBXVariantGroup;
			children = (
				EE3A8A95226F346D00CCBAFC /* Base */,
			);
			name = LaunchScreen.storyboard;
			sourceTree = "<group>";
		};
/* End PBXVariantGroup section */

/* Begin XCBuildConfiguration section */
		EE3A8A98226F346D00CCBAFC /* Debug */ = {
			isa = XCBuildConfiguration;
			buildSettings = {
				ALWAYS_SEARCH_USER_PATHS = NO;
				CLANG_ANALYZER_NONNULL = YES;
				CLANG_ANALYZER_NUMBER_OBJECT_CONVERSION = YES_AGGRESSIVE;
				CLANG_CXX_LANGUAGE_STANDARD = "gnu++14";
				CLANG_CXX_LIBRARY = "libc++";
				CLANG_ENABLE_MODULES = YES;
				CLANG_ENABLE_OBJC_ARC = YES;
				CLANG_WARN_BLOCK_CAPTURE_AUTORELEASING = YES;
				CLANG_WARN_BOOL_CONVERSION = YES;
				CLANG_WARN_COMMA = YES;
				CLANG_WARN_CONSTANT_CONVERSION = YES;
				CLANG_WARN_DIRECT_OBJC_ISA_USAGE = YES_ERROR;
				CLANG_WARN_DOCUMENTATION_COMMENTS = YES;
				CLANG_WARN_EMPTY_BODY = YES;
				CLANG_WARN_ENUM_CONVERSION = YES;
				CLANG_WARN_INFINITE_RECURSION = YES;
				CLANG_WARN_INT_CONVERSION = YES;
				CLANG_WARN_NON_LITERAL_NULL_CONVERSION = YES;
				CLANG_WARN_OBJC_LITERAL_CONVERSION = YES;
				CLANG_WARN_OBJC_ROOT_CLASS = YES_ERROR;
				CLANG_WARN_RANGE_LOOP_ANALYSIS = YES;
				CLANG_WARN_STRICT_PROTOTYPES = YES;
				CLANG_WARN_SUSPICIOUS_MOVE = YES;
				CLANG_WARN_UNGUARDED_AVAILABILITY = YES_AGGRESSIVE;
				CLANG_WARN_UNREACHABLE_CODE = YES;
				CLANG_WARN__DUPLICATE_METHOD_MATCH = YES;
				CODE_SIGN_IDENTITY = "iPhone Developer";
				COPY_PHASE_STRIP = NO;
				DEBUG_INFORMATION_FORMAT = dwarf;
				ENABLE_STRICT_OBJC_MSGSEND = YES;
				ENABLE_TESTABILITY = YES;
				GCC_C_LANGUAGE_STANDARD = gnu11;
				GCC_DYNAMIC_NO_PIC = NO;
				GCC_NO_COMMON_BLOCKS = YES;
				GCC_OPTIMIZATION_LEVEL = 0;
				GCC_PREPROCESSOR_DEFINITIONS = (
					"DEBUG=1",
					"$(inherited)",
				);
				GCC_WARN_64_TO_32_BIT_CONVERSION = YES;
				GCC_WARN_ABOUT_RETURN_TYPE = YES_ERROR;
				GCC_WARN_UNDECLARED_SELECTOR = YES;
				GCC_WARN_UNINITIALIZED_AUTOS = YES_AGGRESSIVE;
				GCC_WARN_UNUSED_FUNCTION = YES;
				GCC_WARN_UNUSED_VARIABLE = YES;
				IPHONEOS_DEPLOYMENT_TARGET = 11.2;
				MTL_ENABLE_DEBUG_INFO = YES;
				ONLY_ACTIVE_ARCH = YES;
				SDKROOT = iphoneos;
				SWIFT_ACTIVE_COMPILATION_CONDITIONS = DEBUG;
				SWIFT_OPTIMIZATION_LEVEL = "-Onone";
			};
			name = Debug;
		};
		EE3A8A99226F346D00CCBAFC /* Release */ = {
			isa = XCBuildConfiguration;
			buildSettings = {
				ALWAYS_SEARCH_USER_PATHS = NO;
				CLANG_ANALYZER_NONNULL = YES;
				CLANG_ANALYZER_NUMBER_OBJECT_CONVERSION = YES_AGGRESSIVE;
				CLANG_CXX_LANGUAGE_STANDARD = "gnu++14";
				CLANG_CXX_LIBRARY = "libc++";
				CLANG_ENABLE_MODULES = YES;
				CLANG_ENABLE_OBJC_ARC = YES;
				CLANG_WARN_BLOCK_CAPTURE_AUTORELEASING = YES;
				CLANG_WARN_BOOL_CONVERSION = YES;
				CLANG_WARN_COMMA = YES;
				CLANG_WARN_CONSTANT_CONVERSION = YES;
				CLANG_WARN_DIRECT_OBJC_ISA_USAGE = YES_ERROR;
				CLANG_WARN_DOCUMENTATION_COMMENTS = YES;
				CLANG_WARN_EMPTY_BODY = YES;
				CLANG_WARN_ENUM_CONVERSION = YES;
				CLANG_WARN_INFINITE_RECURSION = YES;
				CLANG_WARN_INT_CONVERSION = YES;
				CLANG_WARN_NON_LITERAL_NULL_CONVERSION = YES;
				CLANG_WARN_OBJC_LITERAL_CONVERSION = YES;
				CLANG_WARN_OBJC_ROOT_CLASS = YES_ERROR;
				CLANG_WARN_RANGE_LOOP_ANALYSIS = YES;
				CLANG_WARN_STRICT_PROTOTYPES = YES;
				CLANG_WARN_SUSPICIOUS_MOVE = YES;
				CLANG_WARN_UNGUARDED_AVAILABILITY = YES_AGGRESSIVE;
				CLANG_WARN_UNREACHABLE_CODE = YES;
				CLANG_WARN__DUPLICATE_METHOD_MATCH = YES;
				CODE_SIGN_IDENTITY = "iPhone Developer";
				COPY_PHASE_STRIP = NO;
				DEBUG_INFORMATION_FORMAT = "dwarf-with-dsym";
				ENABLE_NS_ASSERTIONS = NO;
				ENABLE_STRICT_OBJC_MSGSEND = YES;
				GCC_C_LANGUAGE_STANDARD = gnu11;
				GCC_NO_COMMON_BLOCKS = YES;
				GCC_WARN_64_TO_32_BIT_CONVERSION = YES;
				GCC_WARN_ABOUT_RETURN_TYPE = YES_ERROR;
				GCC_WARN_UNDECLARED_SELECTOR = YES;
				GCC_WARN_UNINITIALIZED_AUTOS = YES_AGGRESSIVE;
				GCC_WARN_UNUSED_FUNCTION = YES;
				GCC_WARN_UNUSED_VARIABLE = YES;
				IPHONEOS_DEPLOYMENT_TARGET = 11.2;
				MTL_ENABLE_DEBUG_INFO = NO;
				SDKROOT = iphoneos;
				SWIFT_OPTIMIZATION_LEVEL = "-Owholemodule";
				VALIDATE_PRODUCT = YES;
			};
			name = Release;
		};
		EE3A8A9B226F346D00CCBAFC /* Debug */ = {
			isa = XCBuildConfiguration;
			buildSettings = {
				ASSETCATALOG_COMPILER_APPICON_NAME = AppIcon;
				CODE_SIGN_STYLE = Automatic;
				DEVELOPMENT_TEAM = 5BCAL3HDN8;
				INFOPLIST_FILE = Swifty_protein/Info.plist;
				LD_RUNPATH_SEARCH_PATHS = "$(inherited) @executable_path/Frameworks";
				PRODUCT_BUNDLE_IDENTIFIER = "main.Swifty-protein";
				PRODUCT_NAME = "$(TARGET_NAME)";
				SWIFT_VERSION = 4.0;
				TARGETED_DEVICE_FAMILY = "1,2";
			};
			name = Debug;
		};
		EE3A8A9C226F346D00CCBAFC /* Release */ = {
			isa = XCBuildConfiguration;
			buildSettings = {
				ASSETCATALOG_COMPILER_APPICON_NAME = AppIcon;
				CODE_SIGN_STYLE = Automatic;
				DEVELOPMENT_TEAM = 5BCAL3HDN8;
				INFOPLIST_FILE = Swifty_protein/Info.plist;
				LD_RUNPATH_SEARCH_PATHS = "$(inherited) @executable_path/Frameworks";
				PRODUCT_BUNDLE_IDENTIFIER = "main.Swifty-protein";
				PRODUCT_NAME = "$(TARGET_NAME)";
				SWIFT_VERSION = 4.0;
				TARGETED_DEVICE_FAMILY = "1,2";
			};
			name = Release;
		};
/* End XCBuildConfiguration section */

/* Begin XCConfigurationList section */
		EE3A8A83226F346C00CCBAFC /* Build configuration list for PBXProject "Swifty_protein" */ = {
			isa = XCConfigurationList;
			buildConfigurations = (
				EE3A8A98226F346D00CCBAFC /* Debug */,
				EE3A8A99226F346D00CCBAFC /* Release */,
			);
			defaultConfigurationIsVisible = 0;
			defaultConfigurationName = Release;
		};
		EE3A8A9A226F346D00CCBAFC /* Build configuration list for PBXNativeTarget "Swifty_protein" */ = {
			isa = XCConfigurationList;
			buildConfigurations = (
				EE3A8A9B226F346D00CCBAFC /* Debug */,
				EE3A8A9C226F346D00CCBAFC /* Release */,
			);
			defaultConfigurationIsVisible = 0;
			defaultConfigurationName = Release;
		};
/* End XCConfigurationList section */
	};
	rootObject = EE3A8A80226F346C00CCBAFC /* Project object */;
}
